// !$*UTF8*$!
{
	archiveVersion = 1;
	classes = {
	};
	objectVersion = 46;
	objects = {

/* Begin PBXBuildFile section */
		EAC5435D1BC4C070004BC4E0 /* AppDelegate.swift in Sources */ = {isa = PBXBuildFile; fileRef = EAC5435C1BC4C070004BC4E0 /* AppDelegate.swift */; };
		EAC5435F1BC4C070004BC4E0 /* ViewController.swift in Sources */ = {isa = PBXBuildFile; fileRef = EAC5435E1BC4C070004BC4E0 /* ViewController.swift */; };
		EAC543621BC4C070004BC4E0 /* Main.storyboard in Resources */ = {isa = PBXBuildFile; fileRef = EAC543601BC4C070004BC4E0 /* Main.storyboard */; };
		EAC543641BC4C070004BC4E0 /* Assets.xcassets in Resources */ = {isa = PBXBuildFile; fileRef = EAC543631BC4C070004BC4E0 /* Assets.xcassets */; };
		EAC543671BC4C070004BC4E0 /* LaunchScreen.storyboard in Resources */ = {isa = PBXBuildFile; fileRef = EAC543651BC4C070004BC4E0 /* LaunchScreen.storyboard */; };
		EAC543721BC4C070004BC4E0 /* calculatorTests.swift in Sources */ = {isa = PBXBuildFile; fileRef = EAC543711BC4C070004BC4E0 /* calculatorTests.swift */; };
		EAC5437D1BC4C070004BC4E0 /* calculatorUITests.swift in Sources */ = {isa = PBXBuildFile; fileRef = EAC5437C1BC4C070004BC4E0 /* calculatorUITests.swift */; };
/* End PBXBuildFile section */

/* Begin PBXContainerItemProxy section */
		EAC5436E1BC4C070004BC4E0 /* PBXContainerItemProxy */ = {
			isa = PBXContainerItemProxy;
			containerPortal = EAC543511BC4C070004BC4E0 /* Project object */;
			proxyType = 1;
			remoteGlobalIDString = EAC543581BC4C070004BC4E0;
			remoteInfo = calculator;
		};
		EAC543791BC4C070004BC4E0 /* PBXContainerItemProxy */ = {
			isa = PBXContainerItemProxy;
			containerPortal = EAC543511BC4C070004BC4E0 /* Project object */;
			proxyType = 1;
			remoteGlobalIDString = EAC543581BC4C070004BC4E0;
			remoteInfo = calculator;
		};
/* End PBXContainerItemProxy section */

/* Begin PBXFileReference section */
		EAC543591BC4C070004BC4E0 /* calculator.app */ = {isa = PBXFileReference; explicitFileType = wrapper.application; includeInIndex = 0; path = calculator.app; sourceTree = BUILT_PRODUCTS_DIR; };
		EAC5435C1BC4C070004BC4E0 /* AppDelegate.swift */ = {isa = PBXFileReference; lastKnownFileType = sourcecode.swift; path = AppDelegate.swift; sourceTree = "<group>"; };
		EAC5435E1BC4C070004BC4E0 /* ViewController.swift */ = {isa = PBXFileReference; lastKnownFileType = sourcecode.swift; path = ViewController.swift; sourceTree = "<group>"; };
		EAC543611BC4C070004BC4E0 /* Base */ = {isa = PBXFileReference; lastKnownFileType = file.storyboard; name = Base; path = Base.lproj/Main.storyboard; sourceTree = "<group>"; };
		EAC543631BC4C070004BC4E0 /* Assets.xcassets */ = {isa = PBXFileReference; lastKnownFileType = folder.assetcatalog; path = Assets.xcassets; sourceTree = "<group>"; };
		EAC543661BC4C070004BC4E0 /* Base */ = {isa = PBXFileReference; lastKnownFileType = file.storyboard; name = Base; path = Base.lproj/LaunchScreen.storyboard; sourceTree = "<group>"; };
		EAC543681BC4C070004BC4E0 /* Info.plist */ = {isa = PBXFileReference; lastKnownFileType = text.plist.xml; path = Info.plist; sourceTree = "<group>"; };
		EAC5436D1BC4C070004BC4E0 /* calculatorTests.xctest */ = {isa = PBXFileReference; explicitFileType = wrapper.cfbundle; includeInIndex = 0; path = calculatorTests.xctest; sourceTree = BUILT_PRODUCTS_DIR; };
		EAC543711BC4C070004BC4E0 /* calculatorTests.swift */ = {isa = PBXFileReference; lastKnownFileType = sourcecode.swift; path = calculatorTests.swift; sourceTree = "<group>"; };
		EAC543731BC4C070004BC4E0 /* Info.plist */ = {isa = PBXFileReference; lastKnownFileType = text.plist.xml; path = Info.plist; sourceTree = "<group>"; };
		EAC543781BC4C070004BC4E0 /* calculatorUITests.xctest */ = {isa = PBXFileReference; explicitFileType = wrapper.cfbundle; includeInIndex = 0; path = calculatorUITests.xctest; sourceTree = BUILT_PRODUCTS_DIR; };
		EAC5437C1BC4C070004BC4E0 /* calculatorUITests.swift */ = {isa = PBXFileReference; lastKnownFileType = sourcecode.swift; path = calculatorUITests.swift; sourceTree = "<group>"; };
		EAC5437E1BC4C070004BC4E0 /* Info.plist */ = {isa = PBXFileReference; lastKnownFileType = text.plist.xml; path = Info.plist; sourceTree = "<group>"; };
/* End PBXFileReference section */

/* Begin PBXFrameworksBuildPhase section */
		EAC543561BC4C070004BC4E0 /* Frameworks */ = {
			isa = PBXFrameworksBuildPhase;
			buildActionMask = 2147483647;
			files = (
			);
			runOnlyForDeploymentPostprocessing = 0;
		};
		EAC5436A1BC4C070004BC4E0 /* Frameworks */ = {
			isa = PBXFrameworksBuildPhase;
			buildActionMask = 2147483647;
			files = (
			);
			runOnlyForDeploymentPostprocessing = 0;
		};
		EAC543751BC4C070004BC4E0 /* Frameworks */ = {
			isa = PBXFrameworksBuildPhase;
			buildActionMask = 2147483647;
			files = (
			);
			runOnlyForDeploymentPostprocessing = 0;
		};
/* End PBXFrameworksBuildPhase section */

/* Begin PBXGroup section */
		EAC543501BC4C070004BC4E0 = {
			isa = PBXGroup;
			children = (
				EAC5435B1BC4C070004BC4E0 /* calculator */,
				EAC543701BC4C070004BC4E0 /* calculatorTests */,
				EAC5437B1BC4C070004BC4E0 /* calculatorUITests */,
				EAC5435A1BC4C070004BC4E0 /* Products */,
			);
			sourceTree = "<group>";
		};
		EAC5435A1BC4C070004BC4E0 /* Products */ = {
			isa = PBXGroup;
			children = (
				EAC543591BC4C070004BC4E0 /* calculator.app */,
				EAC5436D1BC4C070004BC4E0 /* calculatorTests.xctest */,
				EAC543781BC4C070004BC4E0 /* calculatorUITests.xctest */,
			);
			name = Products;
			sourceTree = "<group>";
		};
		EAC5435B1BC4C070004BC4E0 /* calculator */ = {
			isa = PBXGroup;
			children = (
				EAC5435C1BC4C070004BC4E0 /* AppDelegate.swift */,
				EAC5435E1BC4C070004BC4E0 /* ViewController.swift */,
				EAC543601BC4C070004BC4E0 /* Main.storyboard */,
				EAC543631BC4C070004BC4E0 /* Assets.xcassets */,
				EAC543651BC4C070004BC4E0 /* LaunchScreen.storyboard */,
				EAC543681BC4C070004BC4E0 /* Info.plist */,
			);
			path = calculator;
			sourceTree = "<group>";
		};
		EAC543701BC4C070004BC4E0 /* calculatorTests */ = {
			isa = PBXGroup;
			children = (
				EAC543711BC4C070004BC4E0 /* calculatorTests.swift */,
				EAC543731BC4C070004BC4E0 /* Info.plist */,
			);
			path = calculatorTests;
			sourceTree = "<group>";
		};
		EAC5437B1BC4C070004BC4E0 /* calculatorUITests */ = {
			isa = PBXGroup;
			children = (
				EAC5437C1BC4C070004BC4E0 /* calculatorUITests.swift */,
				EAC5437E1BC4C070004BC4E0 /* Info.plist */,
			);
			path = calculatorUITests;
			sourceTree = "<group>";
		};
/* End PBXGroup section */

/* Begin PBXNativeTarget section */
		EAC543581BC4C070004BC4E0 /* calculator */ = {
			isa = PBXNativeTarget;
			buildConfigurationList = EAC543811BC4C070004BC4E0 /* Build configuration list for PBXNativeTarget "calculator" */;
			buildPhases = (
				EAC543551BC4C070004BC4E0 /* Sources */,
				EAC543561BC4C070004BC4E0 /* Frameworks */,
				EAC543571BC4C070004BC4E0 /* Resources */,
			);
			buildRules = (
			);
			dependencies = (
			);
			name = calculator;
			productName = calculator;
			productReference = EAC543591BC4C070004BC4E0 /* calculator.app */;
			productType = "com.apple.product-type.application";
		};
		EAC5436C1BC4C070004BC4E0 /* calculatorTests */ = {
			isa = PBXNativeTarget;
			buildConfigurationList = EAC543841BC4C070004BC4E0 /* Build configuration list for PBXNativeTarget "calculatorTests" */;
			buildPhases = (
				EAC543691BC4C070004BC4E0 /* Sources */,
				EAC5436A1BC4C070004BC4E0 /* Frameworks */,
				EAC5436B1BC4C070004BC4E0 /* Resources */,
			);
			buildRules = (
			);
			dependencies = (
				EAC5436F1BC4C070004BC4E0 /* PBXTargetDependency */,
			);
			name = calculatorTests;
			productName = calculatorTests;
			productReference = EAC5436D1BC4C070004BC4E0 /* calculatorTests.xctest */;
			productType = "com.apple.product-type.bundle.unit-test";
		};
		EAC543771BC4C070004BC4E0 /* calculatorUITests */ = {
			isa = PBXNativeTarget;
			buildConfigurationList = EAC543871BC4C070004BC4E0 /* Build configuration list for PBXNativeTarget "calculatorUITests" */;
			buildPhases = (
				EAC543741BC4C070004BC4E0 /* Sources */,
				EAC543751BC4C070004BC4E0 /* Frameworks */,
				EAC543761BC4C070004BC4E0 /* Resources */,
			);
			buildRules = (
			);
			dependencies = (
				EAC5437A1BC4C070004BC4E0 /* PBXTargetDependency */,
			);
			name = calculatorUITests;
			productName = calculatorUITests;
			productReference = EAC543781BC4C070004BC4E0 /* calculatorUITests.xctest */;
			productType = "com.apple.product-type.bundle.ui-testing";
		};
/* End PBXNativeTarget section */

/* Begin PBXProject section */
		EAC543511BC4C070004BC4E0 /* Project object */ = {
			isa = PBXProject;
			attributes = {
				LastUpgradeCheck = 0700;
				ORGANIZATIONNAME = "Yuyang Fan";
				TargetAttributes = {
					EAC543581BC4C070004BC4E0 = {
						CreatedOnToolsVersion = 7.0.1;
						DevelopmentTeam = 5FV5UMTJFX;
					};
					EAC5436C1BC4C070004BC4E0 = {
						CreatedOnToolsVersion = 7.0.1;
						DevelopmentTeam = 5FV5UMTJFX;
						TestTargetID = EAC543581BC4C070004BC4E0;
					};
					EAC543771BC4C070004BC4E0 = {
						CreatedOnToolsVersion = 7.0.1;
						DevelopmentTeam = 5FV5UMTJFX;
						TestTargetID = EAC543581BC4C070004BC4E0;
					};
				};
			};
			buildConfigurationList = EAC543541BC4C070004BC4E0 /* Build configuration list for PBXProject "calculator" */;
			compatibilityVersion = "Xcode 3.2";
			developmentRegion = English;
			hasScannedForEncodings = 0;
			knownRegions = (
				en,
				Base,
			);
			mainGroup = EAC543501BC4C070004BC4E0;
			productRefGroup = EAC5435A1BC4C070004BC4E0 /* Products */;
			projectDirPath = "";
			projectRoot = "";
			targets = (
				EAC543581BC4C070004BC4E0 /* calculator */,
				EAC5436C1BC4C070004BC4E0 /* calculatorTests */,
				EAC543771BC4C070004BC4E0 /* calculatorUITests */,
			);
		};
/* End PBXProject section */

/* Begin PBXResourcesBuildPhase section */
		EAC543571BC4C070004BC4E0 /* Resources */ = {
			isa = PBXResourcesBuildPhase;
			buildActionMask = 2147483647;
			files = (
				EAC543671BC4C070004BC4E0 /* LaunchScreen.storyboard in Resources */,
				EAC543641BC4C070004BC4E0 /* Assets.xcassets in Resources */,
				EAC543621BC4C070004BC4E0 /* Main.storyboard in Resources */,
			);
			runOnlyForDeploymentPostprocessing = 0;
		};
		EAC5436B1BC4C070004BC4E0 /* Resources */ = {
			isa = PBXResourcesBuildPhase;
			buildActionMask = 2147483647;
			files = (
			);
			runOnlyForDeploymentPostprocessing = 0;
		};
		EAC543761BC4C070004BC4E0 /* Resources */ = {
			isa = PBXResourcesBuildPhase;
			buildActionMask = 2147483647;
			files = (
			);
			runOnlyForDeploymentPostprocessing = 0;
		};
/* End PBXResourcesBuildPhase section */

/* Begin PBXSourcesBuildPhase section */
		EAC543551BC4C070004BC4E0 /* Sources */ = {
			isa = PBXSourcesBuildPhase;
			buildActionMask = 2147483647;
			files = (
				EAC5435F1BC4C070004BC4E0 /* ViewController.swift in Sources */,
				EAC5435D1BC4C070004BC4E0 /* AppDelegate.swift in Sources */,
			);
			runOnlyForDeploymentPostprocessing = 0;
		};
		EAC543691BC4C070004BC4E0 /* Sources */ = {
			isa = PBXSourcesBuildPhase;
			buildActionMask = 2147483647;
			files = (
				EAC543721BC4C070004BC4E0 /* calculatorTests.swift in Sources */,
			);
			runOnlyForDeploymentPostprocessing = 0;
		};
		EAC543741BC4C070004BC4E0 /* Sources */ = {
			isa = PBXSourcesBuildPhase;
			buildActionMask = 2147483647;
			files = (
				EAC5437D1BC4C070004BC4E0 /* calculatorUITests.swift in Sources */,
			);
			runOnlyForDeploymentPostprocessing = 0;
		};
/* End PBXSourcesBuildPhase section */

/* Begin PBXTargetDependency section */
		EAC5436F1BC4C070004BC4E0 /* PBXTargetDependency */ = {
			isa = PBXTargetDependency;
			target = EAC543581BC4C070004BC4E0 /* calculator */;
			targetProxy = EAC5436E1BC4C070004BC4E0 /* PBXContainerItemProxy */;
		};
		EAC5437A1BC4C070004BC4E0 /* PBXTargetDependency */ = {
			isa = PBXTargetDependency;
			target = EAC543581BC4C070004BC4E0 /* calculator */;
			targetProxy = EAC543791BC4C070004BC4E0 /* PBXContainerItemProxy */;
		};
/* End PBXTargetDependency section */

/* Begin PBXVariantGroup section */
		EAC543601BC4C070004BC4E0 /* Main.storyboard */ = {
			isa = PBXVariantGroup;
			children = (
				EAC543611BC4C070004BC4E0 /* Base */,
			);
			name = Main.storyboard;
			sourceTree = "<group>";
		};
		EAC543651BC4C070004BC4E0 /* LaunchScreen.storyboard */ = {
			isa = PBXVariantGroup;
			children = (
				EAC543661BC4C070004BC4E0 /* Base */,
			);
			name = LaunchScreen.storyboard;
			sourceTree = "<group>";
		};
/* End PBXVariantGroup section */

/* Begin XCBuildConfiguration section */
		EAC5437F1BC4C070004BC4E0 /* Debug */ = {
			isa = XCBuildConfiguration;
			buildSettings = {
				ALWAYS_SEARCH_USER_PATHS = NO;
				CLANG_CXX_LANGUAGE_STANDARD = "gnu++0x";
				CLANG_CXX_LIBRARY = "libc++";
				CLANG_ENABLE_MODULES = YES;
				CLANG_ENABLE_OBJC_ARC = YES;
				CLANG_WARN_BOOL_CONVERSION = YES;
				CLANG_WARN_CONSTANT_CONVERSION = YES;
				CLANG_WARN_DIRECT_OBJC_ISA_USAGE = YES_ERROR;
				CLANG_WARN_EMPTY_BODY = YES;
				CLANG_WARN_ENUM_CONVERSION = YES;
				CLANG_WARN_INT_CONVERSION = YES;
				CLANG_WARN_OBJC_ROOT_CLASS = YES_ERROR;
				CLANG_WARN_UNREACHABLE_CODE = YES;
				CLANG_WARN__DUPLICATE_METHOD_MATCH = YES;
				"CODE_SIGN_IDENTITY[sdk=iphoneos*]" = "iPhone Developer";
				COPY_PHASE_STRIP = NO;
				DEBUG_INFORMATION_FORMAT = dwarf;
				ENABLE_STRICT_OBJC_MSGSEND = YES;
				ENABLE_TESTABILITY = YES;
				GCC_C_LANGUAGE_STANDARD = gnu99;
				GCC_DYNAMIC_NO_PIC = NO;
				GCC_NO_COMMON_BLOCKS = YES;
				GCC_OPTIMIZATION_LEVEL = 0;
				GCC_PREPROCESSOR_DEFINITIONS = (
					"DEBUG=1",
					"$(inherited)",
				);
				GCC_WARN_64_TO_32_BIT_CONVERSION = YES;
				GCC_WARN_ABOUT_RETURN_TYPE = YES_ERROR;
				GCC_WARN_UNDECLARED_SELECTOR = YES;
				GCC_WARN_UNINITIALIZED_AUTOS = YES_AGGRESSIVE;
				GCC_WARN_UNUSED_FUNCTION = YES;
				GCC_WARN_UNUSED_VARIABLE = YES;
				IPHONEOS_DEPLOYMENT_TARGET = 9.0;
				MTL_ENABLE_DEBUG_INFO = YES;
				ONLY_ACTIVE_ARCH = YES;
				SDKROOT = iphoneos;
				SWIFT_OPTIMIZATION_LEVEL = "-Onone";
				TARGETED_DEVICE_FAMILY = "1,2";
			};
			name = Debug;
		};
		EAC543801BC4C070004BC4E0 /* Release */ = {
			isa = XCBuildConfiguration;
			buildSettings = {
				ALWAYS_SEARCH_USER_PATHS = NO;
				CLANG_CXX_LANGUAGE_STANDARD = "gnu++0x";
				CLANG_CXX_LIBRARY = "libc++";
				CLANG_ENABLE_MODULES = YES;
				CLANG_ENABLE_OBJC_ARC = YES;
				CLANG_WARN_BOOL_CONVERSION = YES;
				CLANG_WARN_CONSTANT_CONVERSION = YES;
				CLANG_WARN_DIRECT_OBJC_ISA_USAGE = YES_ERROR;
				CLANG_WARN_EMPTY_BODY = YES;
				CLANG_WARN_ENUM_CONVERSION = YES;
				CLANG_WARN_INT_CONVERSION = YES;
				CLANG_WARN_OBJC_ROOT_CLASS = YES_ERROR;
				CLANG_WARN_UNREACHABLE_CODE = YES;
				CLANG_WARN__DUPLICATE_METHOD_MATCH = YES;
				"CODE_SIGN_IDENTITY[sdk=iphoneos*]" = "iPhone Developer";
				COPY_PHASE_STRIP = NO;
				DEBUG_INFORMATION_FORMAT = "dwarf-with-dsym";
				ENABLE_NS_ASSERTIONS = NO;
				ENABLE_STRICT_OBJC_MSGSEND = YES;
				GCC_C_LANGUAGE_STANDARD = gnu99;
				GCC_NO_COMMON_BLOCKS = YES;
				GCC_WARN_64_TO_32_BIT_CONVERSION = YES;
				GCC_WARN_ABOUT_RETURN_TYPE = YES_ERROR;
				GCC_WARN_UNDECLARED_SELECTOR = YES;
				GCC_WARN_UNINITIALIZED_AUTOS = YES_AGGRESSIVE;
				GCC_WARN_UNUSED_FUNCTION = YES;
				GCC_WARN_UNUSED_VARIABLE = YES;
				IPHONEOS_DEPLOYMENT_TARGET = 9.0;
				MTL_ENABLE_DEBUG_INFO = NO;
				SDKROOT = iphoneos;
				TARGETED_DEVICE_FAMILY = "1,2";
				VALIDATE_PRODUCT = YES;
			};
			name = Release;
		};
		EAC543821BC4C070004BC4E0 /* Debug */ = {
			isa = XCBuildConfiguration;
			buildSettings = {
				ASSETCATALOG_COMPILER_APPICON_NAME = AppIcon;
				INFOPLIST_FILE = calculator/Info.plist;
				LD_RUNPATH_SEARCH_PATHS = "$(inherited) @executable_path/Frameworks";
				PRODUCT_BUNDLE_IDENTIFIER = edu.uw.yf8.calculator;
				PRODUCT_NAME = "$(TARGET_NAME)";
			};
			name = Debug;
		};
		EAC543831BC4C070004BC4E0 /* Release */ = {
			isa = XCBuildConfiguration;
			buildSettings = {
				ASSETCATALOG_COMPILER_APPICON_NAME = AppIcon;
				INFOPLIST_FILE = calculator/Info.plist;
				LD_RUNPATH_SEARCH_PATHS = "$(inherited) @executable_path/Frameworks";
				PRODUCT_BUNDLE_IDENTIFIER = edu.uw.yf8.calculator;
				PRODUCT_NAME = "$(TARGET_NAME)";
			};
			name = Release;
		};
		EAC543851BC4C070004BC4E0 /* Debug */ = {
			isa = XCBuildConfiguration;
			buildSettings = {
				BUNDLE_LOADER = "$(TEST_HOST)";
				INFOPLIST_FILE = calculatorTests/Info.plist;
				LD_RUNPATH_SEARCH_PATHS = "$(inherited) @executable_path/Frameworks @loader_path/Frameworks";
				PRODUCT_BUNDLE_IDENTIFIER = edu.uw.yf8.calculatorTests;
				PRODUCT_NAME = "$(TARGET_NAME)";
				TEST_HOST = "$(BUILT_PRODUCTS_DIR)/calculator.app/calculator";
			};
			name = Debug;
		};
		EAC543861BC4C070004BC4E0 /* Release */ = {
			isa = XCBuildConfiguration;
			buildSettings = {
				BUNDLE_LOADER = "$(TEST_HOST)";
				INFOPLIST_FILE = calculatorTests/Info.plist;
				LD_RUNPATH_SEARCH_PATHS = "$(inherited) @executable_path/Frameworks @loader_path/Frameworks";
				PRODUCT_BUNDLE_IDENTIFIER = edu.uw.yf8.calculatorTests;
				PRODUCT_NAME = "$(TARGET_NAME)";
				TEST_HOST = "$(BUILT_PRODUCTS_DIR)/calculator.app/calculator";
			};
			name = Release;
		};
		EAC543881BC4C070004BC4E0 /* Debug */ = {
			isa = XCBuildConfiguration;
			buildSettings = {
				INFOPLIST_FILE = calculatorUITests/Info.plist;
				LD_RUNPATH_SEARCH_PATHS = "$(inherited) @executable_path/Frameworks @loader_path/Frameworks";
				PRODUCT_BUNDLE_IDENTIFIER = edu.uw.yf8.calculatorUITests;
				PRODUCT_NAME = "$(TARGET_NAME)";
				TEST_TARGET_NAME = calculator;
				USES_XCTRUNNER = YES;
			};
			name = Debug;
		};
		EAC543891BC4C070004BC4E0 /* Release */ = {
			isa = XCBuildConfiguration;
			buildSettings = {
				INFOPLIST_FILE = calculatorUITests/Info.plist;
				LD_RUNPATH_SEARCH_PATHS = "$(inherited) @executable_path/Frameworks @loader_path/Frameworks";
				PRODUCT_BUNDLE_IDENTIFIER = edu.uw.yf8.calculatorUITests;
				PRODUCT_NAME = "$(TARGET_NAME)";
				TEST_TARGET_NAME = calculator;
				USES_XCTRUNNER = YES;
			};
			name = Release;
		};
/* End XCBuildConfiguration section */

/* Begin XCConfigurationList section */
		EAC543541BC4C070004BC4E0 /* Build configuration list for PBXProject "calculator" */ = {
			isa = XCConfigurationList;
			buildConfigurations = (
				EAC5437F1BC4C070004BC4E0 /* Debug */,
				EAC543801BC4C070004BC4E0 /* Release */,
			);
			defaultConfigurationIsVisible = 0;
			defaultConfigurationName = Release;
		};
		EAC543811BC4C070004BC4E0 /* Build configuration list for PBXNativeTarget "calculator" */ = {
			isa = XCConfigurationList;
			buildConfigurations = (
				EAC543821BC4C070004BC4E0 /* Debug */,
				EAC543831BC4C070004BC4E0 /* Release */,
			);
			defaultConfigurationIsVisible = 0;
		};
		EAC543841BC4C070004BC4E0 /* Build configuration list for PBXNativeTarget "calculatorTests" */ = {
			isa = XCConfigurationList;
			buildConfigurations = (
				EAC543851BC4C070004BC4E0 /* Debug */,
				EAC543861BC4C070004BC4E0 /* Release */,
			);
			defaultConfigurationIsVisible = 0;
		};
		EAC543871BC4C070004BC4E0 /* Build configuration list for PBXNativeTarget "calculatorUITests" */ = {
			isa = XCConfigurationList;
			buildConfigurations = (
				EAC543881BC4C070004BC4E0 /* Debug */,
				EAC543891BC4C070004BC4E0 /* Release */,
			);
			defaultConfigurationIsVisible = 0;
		};
/* End XCConfigurationList section */
	};
	rootObject = EAC543511BC4C070004BC4E0 /* Project object */;
}
